
Microsoft Visual Studio Solution File, Format Version 12.00
# Visual Studio Version 16
VisualStudioVersion = 16.0.31321.278
MinimumVisualStudioVersion = 10.0.40219.1
Project("{FAE04EC0-301F-11D3-BF4B-00C04F79EFBC}") = "SunriseEncryption", "SunriseEncryption\SunriseEncryption.csproj", "{78D391F2-3A04-4D6A-A6C0-03688E7E6D04}"
EndProject
Project("{FAE04EC0-301F-11D3-BF4B-00C04F79EFBC}") = "ExamplePlugin", "ExamplePlugin\ExamplePlugin.csproj", "{81EF8A85-682B-4600-81A9-FB916446C346}"
EndProject
Global
	GlobalSection(SolutionConfigurationPlatforms) = preSolution
		Debug|Any CPU = Debug|Any CPU
		Release|Any CPU = Release|Any CPU
	EndGlobalSection
	GlobalSection(ProjectConfigurationPlatforms) = postSolution
		{78D391F2-3A04-4D6A-A6C0-03688E7E6D04}.Debug|Any CPU.ActiveCfg = Debug|Any CPU
		{78D391F2-3A04-4D6A-A6C0-03688E7E6D04}.Debug|Any CPU.Build.0 = Debug|Any CPU
		{78D391F2-3A04-4D6A-A6C0-03688E7E6D04}.Release|Any CPU.ActiveCfg = Release|Any CPU
		{78D391F2-3A04-4D6A-A6C0-03688E7E6D04}.Release|Any CPU.Build.0 = Release|Any CPU
		{81EF8A85-682B-4600-81A9-FB916446C346}.Debug|Any CPU.ActiveCfg = Debug|Any CPU
		{81EF8A85-682B-4600-81A9-FB916446C346}.Debug|Any CPU.Build.0 = Debug|Any CPU
		{81EF8A85-682B-4600-81A9-FB916446C346}.Release|Any CPU.ActiveCfg = Release|Any CPU
		{81EF8A85-682B-4600-81A9-FB916446C346}.Release|Any CPU.Build.0 = Release|Any CPU
	EndGlobalSection
	GlobalSection(SolutionProperties) = preSolution
		HideSolutionNode = FALSE
	EndGlobalSection
	GlobalSection(ExtensibilityGlobals) = postSolution
		SolutionGuid = {2B7D43B9-3ECB-4364-A108-602E14924584}
	EndGlobalSection
EndGlobal
